<?xml version="1.0" encoding="utf-8"?>
<Project ToolsVersion="4.0" xmlns="http://schemas.microsoft.com/developer/msbuild/2003">
  <ItemGroup>
    <Filter Include="Source Files">
      <UniqueIdentifier>{4FC737F1-C7A5-4376-A066-2A32D752A2FF}</UniqueIdentifier>
      <Extensions>cpp;c;cc;cxx;c++;cppm;ixx;def;odl;idl;hpj;bat;asm;asmx</Extensions>
    </Filter>
    <Filter Include="Header Files">
      <UniqueIdentifier>{93995380-89BD-4b04-88EB-625FBE52EBFB}</UniqueIdentifier>
      <Extensions>h;hh;hpp;hxx;h++;hm;inl;inc;ipp;xsd</Extensions>
    </Filter>
    <Filter Include="Resource Files">
      <UniqueIdentifier>{67DA6AB6-F800-4c08-8B7A-83BB121AAD01}</UniqueIdentifier>
      <Extensions>rc;ico;cur;bmp;dlg;rc2;rct;bin;rgs;gif;jpg;jpeg;jpe;resx;tiff;tif;png;wav;mfcribbon-ms</Extensions>
    </Filter>
    <Filter Include="Source Files\Objects">
      <UniqueIdentifier>{1bfb486d-bdd3-4584-880c-41afe193ab08}</UniqueIdentifier>
    </Filter>
    <Filter Include="Header Files\Objects">
      <UniqueIdentifier>{c54e215e-fb6a-4106-881d-bfa419869011}</UniqueIdentifier>
    </Filter>
    <Filter Include="Header Files\Enemies">
      <UniqueIdentifier>{faf547ff-6320-4857-8491-62e3e9e4c0b9}</UniqueIdentifier>
    </Filter>
    <Filter Include="Source Files\Enemies">
      <UniqueIdentifier>{b9e2d1f7-4671-4e92-addc-a72c68a8b9fb}</UniqueIdentifier>
    </Filter>
  </ItemGroup>
  <ItemGroup>
    <ClInclude Include="framework.h">
      <Filter>Header Files</Filter>
    </ClInclude>
    <ClInclude Include="pch.h">
      <Filter>Header Files</Filter>
    </ClInclude>
    <ClInclude Include="paths.h">
      <Filter>Header Files</Filter>
    </ClInclude>
    <ClInclude Include="deathzones.h">
      <Filter>Header Files</Filter>
    </ClInclude>
    <ClInclude Include="sadx-utils.h">
      <Filter>Header Files</Filter>
    </ClInclude>
    <ClInclude Include="objects\o_htskybox.h">
      <Filter>Header Files\Objects</Filter>
    </ClInclude>
    <ClInclude Include="object-utils.h">
      <Filter>Header Files</Filter>
    </ClInclude>
    <ClInclude Include="objects\o_hilltree.h">
      <Filter>Header Files\Objects</Filter>
    </ClInclude>
    <ClInclude Include="ninja-utils.h">
      <Filter>Header Files</Filter>
    </ClInclude>
    <ClInclude Include="objects\o_transporter.h">
      <Filter>Header Files\Objects</Filter>
    </ClInclude>
    <ClInclude Include="objects\o_hillflowers.h">
      <Filter>Header Files\Objects</Filter>
    </ClInclude>
    <ClInclude Include="objects\o_lavafall.h">
      <Filter>Header Files\Objects</Filter>
    </ClInclude>
    <ClInclude Include="objects\o_efflava.h">
      <Filter>Header Files\Objects</Filter>
    </ClInclude>
    <ClInclude Include="objects\o_hillgrass.h">
      <Filter>Header Files\Objects</Filter>
    </ClInclude>
    <ClInclude Include="objects\o_lantern.h">
      <Filter>Header Files\Objects</Filter>
    </ClInclude>
    <ClInclude Include="objects\o_hillbush.h">
      <Filter>Header Files\Objects</Filter>
    </ClInclude>
    <ClInclude Include="objects\o_pickrock.h">
      <Filter>Header Files\Objects</Filter>
    </ClInclude>
    <ClInclude Include="enemies\e_spiker.h">
      <Filter>Header Files\Enemies</Filter>
    </ClInclude>
    <ClInclude Include="enemies\e_rexon.h">
      <Filter>Header Files\Enemies</Filter>
    </ClInclude>
    <ClInclude Include="enemies\e_fireball.h">
      <Filter>Header Files\Enemies</Filter>
    </ClInclude>
    <ClInclude Include="objects\o_seesaw.h">
      <Filter>Header Files\Objects</Filter>
    </ClInclude>
    <ClInclude Include="objects\o_zipvine.h">
      <Filter>Header Files\Objects</Filter>
    </ClInclude>
    <ClInclude Include="objects\o_hillpole.h">
      <Filter>Header Files\Objects</Filter>
    </ClInclude>
    <ClInclude Include="objects\o_vinepulley.h">
      <Filter>Header Files\Objects</Filter>
    </ClInclude>
    <ClInclude Include="event.h">
      <Filter>Header Files</Filter>
    </ClInclude>
    <ClInclude Include="objects\o_hillplatform.h">
      <Filter>Header Files\Objects</Filter>
    </ClInclude>
    <ClInclude Include="lava.h">
      <Filter>Header Files</Filter>
    </ClInclude>
    <ClInclude Include="objects\o_growlava.h">
      <Filter>Header Files\Objects</Filter>
    </ClInclude>
    <ClInclude Include="enemies\e_epsilon.h">
      <Filter>Header Files\Enemies</Filter>
    </ClInclude>
    <ClInclude Include="objects.h">
      <Filter>Header Files</Filter>
    </ClInclude>
    <ClInclude Include="enemies\e_subeggman.h">
      <Filter>Header Files\Enemies</Filter>
    </ClInclude>
    <ClInclude Include="camera.h">
      <Filter>Header Files</Filter>
    </ClInclude>
    <ClInclude Include="mod.h">
      <Filter>Header Files</Filter>
    </ClInclude>
  </ItemGroup>
  <ItemGroup>
    <ClCompile Include="dllmain.cpp">
      <Filter>Source Files</Filter>
    </ClCompile>
    <ClCompile Include="pch.cpp">
      <Filter>Source Files</Filter>
    </ClCompile>
    <ClCompile Include="mod.cpp">
      <Filter>Source Files</Filter>
    </ClCompile>
    <ClCompile Include="level.cpp">
      <Filter>Source Files</Filter>
    </ClCompile>
    <ClCompile Include="objects.cpp">
      <Filter>Source Files</Filter>
    </ClCompile>
    <ClCompile Include="paths.cpp">
      <Filter>Source Files</Filter>
    </ClCompile>
    <ClCompile Include="deathzones.cpp">
      <Filter>Source Files</Filter>
    </ClCompile>
    <ClCompile Include="objects\o_htskybox.cpp">
      <Filter>Source Files\Objects</Filter>
    </ClCompile>
    <ClCompile Include="object-utils.cpp">
      <Filter>Source Files</Filter>
    </ClCompile>
    <ClCompile Include="objects\o_hilltree.cpp">
      <Filter>Source Files\Objects</Filter>
    </ClCompile>
    <ClCompile Include="ninja-utils.cpp">
      <Filter>Source Files</Filter>
    </ClCompile>
    <ClCompile Include="objects\o_transporter.cpp">
      <Filter>Source Files\Objects</Filter>
    </ClCompile>
    <ClCompile Include="objects\o_hillflowers.cpp">
      <Filter>Source Files\Objects</Filter>
    </ClCompile>
    <ClCompile Include="objects\o_lavafall.cpp">
      <Filter>Source Files\Objects</Filter>
    </ClCompile>
    <ClCompile Include="objects\o_efflava.cpp">
      <Filter>Source Files\Objects</Filter>
    </ClCompile>
    <ClCompile Include="objects\o_hillgrass.cpp">
      <Filter>Source Files\Objects</Filter>
    </ClCompile>
    <ClCompile Include="objects\o_lantern.cpp">
      <Filter>Source Files\Objects</Filter>
    </ClCompile>
    <ClCompile Include="objects\o_hillbush.cpp">
      <Filter>Source Files\Objects</Filter>
    </ClCompile>
    <ClCompile Include="objects\o_pickrock.cpp">
      <Filter>Source Files\Objects</Filter>
    </ClCompile>
    <ClCompile Include="enemies\e_spiker.cpp">
      <Filter>Source Files\Enemies</Filter>
    </ClCompile>
    <ClCompile Include="enemies\e_rexon.cpp">
      <Filter>Source Files\Enemies</Filter>
    </ClCompile>
    <ClCompile Include="enemies\e_fireball.cpp">
      <Filter>Source Files\Enemies</Filter>
    </ClCompile>
    <ClCompile Include="objects\o_seesaw.cpp">
      <Filter>Source Files\Objects</Filter>
    </ClCompile>
    <ClCompile Include="objects\o_zipvine.cpp">
      <Filter>Source Files\Objects</Filter>
    </ClCompile>
    <ClCompile Include="objects\o_hillpole.cpp">
      <Filter>Source Files\Objects</Filter>
    </ClCompile>
    <ClCompile Include="objects\o_vinepulley.cpp">
      <Filter>Source Files\Objects</Filter>
    </ClCompile>
    <ClCompile Include="event.cpp">
      <Filter>Source Files</Filter>
    </ClCompile>
    <ClCompile Include="objects\o_hillplatform.cpp">
      <Filter>Source Files\Objects</Filter>
    </ClCompile>
    <ClCompile Include="lava.cpp">
      <Filter>Source Files</Filter>
    </ClCompile>
    <ClCompile Include="objects\o_growlava.cpp">
      <Filter>Source Files\Objects</Filter>
    </ClCompile>
    <ClCompile Include="enemies\e_epsilon.cpp">
      <Filter>Source Files\Enemies</Filter>
    </ClCompile>
    <ClCompile Include="camera.cpp">
      <Filter>Source Files</Filter>
    </ClCompile>
    <ClCompile Include="enemies\e_subeggman.cpp">
      <Filter>Source Files\Enemies</Filter>
    </ClCompile>
  </ItemGroup>
</Project>